
Microsoft Visual Studio Solution File, Format Version 12.00
# Visual Studio Version 17
VisualStudioVersion = 17.8.34511.84
MinimumVisualStudioVersion = 10.0.40219.1
Project("{FAE04EC0-301F-11D3-BF4B-00C04F79EFBC}") = "JenkinsAPI", "JenkinsAPI.csproj", "{C25C3B89-258C-494F-A545-4231F66F4CFA}"
EndProject
Global
	GlobalSection(SolutionConfigurationPlatforms) = preSolution
		Debug|Any CPU = Debug|Any CPU
		Release|Any CPU = Release|Any CPU
	EndGlobalSection
	GlobalSection(ProjectConfigurationPlatforms) = postSolution
		{C25C3B89-258C-494F-A545-4231F66F4CFA}.Debug|Any CPU.ActiveCfg = Debug|Any CPU
		{C25C3B89-258C-494F-A545-4231F66F4CFA}.Debug|Any CPU.Build.0 = Debug|Any CPU
		{C25C3B89-258C-494F-A545-4231F66F4CFA}.Release|Any CPU.ActiveCfg = Release|Any CPU
		{C25C3B89-258C-494F-A545-4231F66F4CFA}.Release|Any CPU.Build.0 = Release|Any CPU
	EndGlobalSection
	GlobalSection(SolutionProperties) = preSolution
		HideSolutionNode = FALSE
	EndGlobalSection
	GlobalSection(ExtensibilityGlobals) = postSolution
		SolutionGuid = {C33E943F-0555-4915-A2D8-4BBBDA77A2A8}
	EndGlobalSection
EndGlobal
